{
  "requires": true,
  "lockfileVersion": 1,
  "dependencies": {
    "@ngrx/store": {
      "version": "7.3.0",
      "resolved": "https://registry.npmjs.org/@ngrx/store/-/store-7.3.0.tgz",
      "integrity": "sha512-cELOO+kHYo100Q2wi1cZqhK9jA/NJs5//0lkphoR/AKxShGmJCkub6L+qnJCrzROu4Bvod4DAlA9VAQSq4EYLg=="
    }
  }
}
