{
  "requires": true,
  "lockfileVersion": 1,
  "dependencies": {
    "@angular/language-service": {
      "version": "7.2.8",
      "resolved": "https://registry.npmjs.org/@angular/language-service/-/language-service-7.2.8.tgz",
      "integrity": "sha512-fzbb7TxwRNRQ/2aA/tWU7+pEIDN1FHIapy0aurLhfw4HrvjOy11HnCLEWQOEYO7U0hdhwJzzHp/IVnmrs5NzSg==",
      "dev": true
    }
  }
}
